
Microsoft Visual Studio Solution File, Format Version 12.00
# Visual Studio Version 17
VisualStudioVersion = 17.8.34309.116
MinimumVisualStudioVersion = 10.0.40219.1
Project("{9A19103F-16F7-4668-BE54-9A1E7A4F7556}") = "Pollux.Movies.API", "Pollux.Movies.API\Pollux.Movies.API.csproj", "{791F4F4B-4A9F-45DE-A592-4A9F2852099F}"
EndProject
Project("{2150E333-8FDC-42A3-9474-1A3956D46DE8}") = "Presentation", "Presentation", "{2AA7C08B-44F0-44A1-8FE6-CA1269D76566}"
EndProject
Project("{2150E333-8FDC-42A3-9474-1A3956D46DE8}") = "Core", "Core", "{EC6986EA-E867-443E-96F8-93445FC2E891}"
EndProject
Project("{2150E333-8FDC-42A3-9474-1A3956D46DE8}") = "Infrastructure", "Infrastructure", "{97C7C7C6-F85B-437E-B279-166BD28BD663}"
	ProjectSection(SolutionItems) = preProject
		Movies.Application\MoviesListService.cs = Movies.Application\MoviesListService.cs
	EndProjectSection
EndProject
Project("{2150E333-8FDC-42A3-9474-1A3956D46DE8}") = "Domain", "Domain", "{4A34A37C-D663-4F33-902E-655F914E5B80}"
EndProject
Project("{2150E333-8FDC-42A3-9474-1A3956D46DE8}") = "Application", "Application", "{EC6B1DDB-0426-45B7-8A26-2D0D391498DE}"
EndProject
Project("{9A19103F-16F7-4668-BE54-9A1E7A4F7556}") = "Movies.Domain", "Movies.Domain\Movies.Domain.csproj", "{085E0245-2A20-444D-B55B-42C5E5770F1D}"
EndProject
Project("{9A19103F-16F7-4668-BE54-9A1E7A4F7556}") = "Movies.Application", "Movies.Application\Movies.Application.csproj", "{21819C28-20B9-4CB2-BFEF-79BF0F5A72E7}"
EndProject
Project("{9A19103F-16F7-4668-BE54-9A1E7A4F7556}") = "Movies.Persistence", "Movies.Persistence\Movies.Persistence.csproj", "{9AA76DFB-921A-4084-8B13-2D72E634D0B3}"
EndProject
Project("{9A19103F-16F7-4668-BE54-9A1E7A4F7556}") = "Movies.Common", "Movies.Common\Movies.Common.csproj", "{19D26D8F-D96E-420B-9626-E9363CAB64FB}"
EndProject
Project("{2150E333-8FDC-42A3-9474-1A3956D46DE8}") = "Common", "Common", "{B9EA33E7-BA1B-49A0-8E0C-4516CEFA7270}"
EndProject
Project("{2150E333-8FDC-42A3-9474-1A3956D46DE8}") = "Solution Items", "Solution Items", "{1EB318CF-FD32-4F1C-983D-72CEACB8BA00}"
	ProjectSection(SolutionItems) = preProject
		.editorconfig = .editorconfig
	EndProjectSection
EndProject
Project("{2150E333-8FDC-42A3-9474-1A3956D46DE8}") = "AzureJobs", "AzureJobs", "{EC03222F-874E-435B-99DA-24AE7C04DB86}"
EndProject
Project("{9A19103F-16F7-4668-BE54-9A1E7A4F7556}") = "AzureUploaderTransformerVideos", "AzureUploaderTransformerVideos\AzureUploaderTransformerVideos.csproj", "{560DEB8B-DF4A-4E93-9D11-25FA54CC1AF0}"
EndProject
Project("{2150E333-8FDC-42A3-9474-1A3956D46DE8}") = "Local", "Local", "{D4FA5E2D-A0E8-44F0-A0FF-8FE22FD887E4}"
EndProject
Project("{9A19103F-16F7-4668-BE54-9A1E7A4F7556}") = "ReadFilesService", "ReadFilesService\ReadFilesService.csproj", "{E0A99688-E2F9-483F-8ADE-F9BAA1D80F83}"
EndProject
Project("{2150E333-8FDC-42A3-9474-1A3956D46DE8}") = "Testing", "Testing", "{3A16AB26-2AC2-4DDC-9E03-B020FE90E453}"
EndProject
Project("{9A19103F-16F7-4668-BE54-9A1E7A4F7556}") = "AzureStorageUrlsTests", "AzureStorageUrlsTests\AzureStorageUrlsTests.csproj", "{5E3DA99F-1E60-4D54-A287-7D3303582893}"
EndProject
Global
	GlobalSection(SolutionConfigurationPlatforms) = preSolution
		Debug|Any CPU = Debug|Any CPU
		Release|Any CPU = Release|Any CPU
	EndGlobalSection
	GlobalSection(ProjectConfigurationPlatforms) = postSolution
		{791F4F4B-4A9F-45DE-A592-4A9F2852099F}.Debug|Any CPU.ActiveCfg = Debug|Any CPU
		{791F4F4B-4A9F-45DE-A592-4A9F2852099F}.Debug|Any CPU.Build.0 = Debug|Any CPU
		{791F4F4B-4A9F-45DE-A592-4A9F2852099F}.Release|Any CPU.ActiveCfg = Release|Any CPU
		{791F4F4B-4A9F-45DE-A592-4A9F2852099F}.Release|Any CPU.Build.0 = Release|Any CPU
		{085E0245-2A20-444D-B55B-42C5E5770F1D}.Debug|Any CPU.ActiveCfg = Debug|Any CPU
		{085E0245-2A20-444D-B55B-42C5E5770F1D}.Debug|Any CPU.Build.0 = Debug|Any CPU
		{085E0245-2A20-444D-B55B-42C5E5770F1D}.Release|Any CPU.ActiveCfg = Release|Any CPU
		{085E0245-2A20-444D-B55B-42C5E5770F1D}.Release|Any CPU.Build.0 = Release|Any CPU
		{21819C28-20B9-4CB2-BFEF-79BF0F5A72E7}.Debug|Any CPU.ActiveCfg = Debug|Any CPU
		{21819C28-20B9-4CB2-BFEF-79BF0F5A72E7}.Debug|Any CPU.Build.0 = Debug|Any CPU
		{21819C28-20B9-4CB2-BFEF-79BF0F5A72E7}.Release|Any CPU.ActiveCfg = Release|Any CPU
		{21819C28-20B9-4CB2-BFEF-79BF0F5A72E7}.Release|Any CPU.Build.0 = Release|Any CPU
		{9AA76DFB-921A-4084-8B13-2D72E634D0B3}.Debug|Any CPU.ActiveCfg = Debug|Any CPU
		{9AA76DFB-921A-4084-8B13-2D72E634D0B3}.Debug|Any CPU.Build.0 = Debug|Any CPU
		{9AA76DFB-921A-4084-8B13-2D72E634D0B3}.Release|Any CPU.ActiveCfg = Release|Any CPU
		{9AA76DFB-921A-4084-8B13-2D72E634D0B3}.Release|Any CPU.Build.0 = Release|Any CPU
		{19D26D8F-D96E-420B-9626-E9363CAB64FB}.Debug|Any CPU.ActiveCfg = Debug|Any CPU
		{19D26D8F-D96E-420B-9626-E9363CAB64FB}.Debug|Any CPU.Build.0 = Debug|Any CPU
		{19D26D8F-D96E-420B-9626-E9363CAB64FB}.Release|Any CPU.ActiveCfg = Release|Any CPU
		{19D26D8F-D96E-420B-9626-E9363CAB64FB}.Release|Any CPU.Build.0 = Release|Any CPU
		{560DEB8B-DF4A-4E93-9D11-25FA54CC1AF0}.Debug|Any CPU.ActiveCfg = Debug|Any CPU
		{560DEB8B-DF4A-4E93-9D11-25FA54CC1AF0}.Debug|Any CPU.Build.0 = Debug|Any CPU
		{560DEB8B-DF4A-4E93-9D11-25FA54CC1AF0}.Release|Any CPU.ActiveCfg = Release|Any CPU
		{560DEB8B-DF4A-4E93-9D11-25FA54CC1AF0}.Release|Any CPU.Build.0 = Release|Any CPU
		{E0A99688-E2F9-483F-8ADE-F9BAA1D80F83}.Debug|Any CPU.ActiveCfg = Debug|Any CPU
		{E0A99688-E2F9-483F-8ADE-F9BAA1D80F83}.Debug|Any CPU.Build.0 = Debug|Any CPU
		{E0A99688-E2F9-483F-8ADE-F9BAA1D80F83}.Release|Any CPU.ActiveCfg = Release|Any CPU
		{E0A99688-E2F9-483F-8ADE-F9BAA1D80F83}.Release|Any CPU.Build.0 = Release|Any CPU
		{5E3DA99F-1E60-4D54-A287-7D3303582893}.Debug|Any CPU.ActiveCfg = Debug|Any CPU
		{5E3DA99F-1E60-4D54-A287-7D3303582893}.Debug|Any CPU.Build.0 = Debug|Any CPU
		{5E3DA99F-1E60-4D54-A287-7D3303582893}.Release|Any CPU.ActiveCfg = Release|Any CPU
		{5E3DA99F-1E60-4D54-A287-7D3303582893}.Release|Any CPU.Build.0 = Release|Any CPU
	EndGlobalSection
	GlobalSection(SolutionProperties) = preSolution
		HideSolutionNode = FALSE
	EndGlobalSection
	GlobalSection(NestedProjects) = preSolution
		{791F4F4B-4A9F-45DE-A592-4A9F2852099F} = {2AA7C08B-44F0-44A1-8FE6-CA1269D76566}
		{4A34A37C-D663-4F33-902E-655F914E5B80} = {EC6986EA-E867-443E-96F8-93445FC2E891}
		{EC6B1DDB-0426-45B7-8A26-2D0D391498DE} = {EC6986EA-E867-443E-96F8-93445FC2E891}
		{085E0245-2A20-444D-B55B-42C5E5770F1D} = {4A34A37C-D663-4F33-902E-655F914E5B80}
		{21819C28-20B9-4CB2-BFEF-79BF0F5A72E7} = {EC6B1DDB-0426-45B7-8A26-2D0D391498DE}
		{9AA76DFB-921A-4084-8B13-2D72E634D0B3} = {97C7C7C6-F85B-437E-B279-166BD28BD663}
		{19D26D8F-D96E-420B-9626-E9363CAB64FB} = {B9EA33E7-BA1B-49A0-8E0C-4516CEFA7270}
		{EC03222F-874E-435B-99DA-24AE7C04DB86} = {97C7C7C6-F85B-437E-B279-166BD28BD663}
		{560DEB8B-DF4A-4E93-9D11-25FA54CC1AF0} = {EC03222F-874E-435B-99DA-24AE7C04DB86}
		{E0A99688-E2F9-483F-8ADE-F9BAA1D80F83} = {D4FA5E2D-A0E8-44F0-A0FF-8FE22FD887E4}
		{5E3DA99F-1E60-4D54-A287-7D3303582893} = {3A16AB26-2AC2-4DDC-9E03-B020FE90E453}
	EndGlobalSection
	GlobalSection(ExtensibilityGlobals) = postSolution
		SolutionGuid = {949A256B-BF31-4235-8CEE-957AB8AD843C}
	EndGlobalSection
EndGlobal
